// !$*UTF8*$!
{
	archiveVersion = 1;
	classes = {
	};
	objectVersion = 46;
	objects = {

/* Begin PBXBuildFile section */
		DC068527191297490027EAC0 /* Foundation.framework in Frameworks */ = {isa = PBXBuildFile; fileRef = DC068526191297490027EAC0 /* Foundation.framework */; };
		DC068529191297490027EAC0 /* CoreGraphics.framework in Frameworks */ = {isa = PBXBuildFile; fileRef = DC068528191297490027EAC0 /* CoreGraphics.framework */; };
		DC06852B191297490027EAC0 /* UIKit.framework in Frameworks */ = {isa = PBXBuildFile; fileRef = DC06852A191297490027EAC0 /* UIKit.framework */; };
		DC068531191297490027EAC0 /* InfoPlist.strings in Resources */ = {isa = PBXBuildFile; fileRef = DC06852F191297490027EAC0 /* InfoPlist.strings */; };
		DC068533191297490027EAC0 /* main.m in Sources */ = {isa = PBXBuildFile; fileRef = DC068532191297490027EAC0 /* main.m */; };
		DC068537191297490027EAC0 /* AppDelegate.m in Sources */ = {isa = PBXBuildFile; fileRef = DC068536191297490027EAC0 /* AppDelegate.m */; };
		DC06853A191297490027EAC0 /* Main.storyboard in Resources */ = {isa = PBXBuildFile; fileRef = DC068538191297490027EAC0 /* Main.storyboard */; };
		DC06853D191297490027EAC0 /* CurrentLocationViewController.m in Sources */ = {isa = PBXBuildFile; fileRef = DC06853C191297490027EAC0 /* CurrentLocationViewController.m */; };
		DC068540191297490027EAC0 /* SecondViewController.m in Sources */ = {isa = PBXBuildFile; fileRef = DC06853F191297490027EAC0 /* SecondViewController.m */; };
		DC068542191297490027EAC0 /* Images.xcassets in Resources */ = {isa = PBXBuildFile; fileRef = DC068541191297490027EAC0 /* Images.xcassets */; };
		DC068549191297490027EAC0 /* XCTest.framework in Frameworks */ = {isa = PBXBuildFile; fileRef = DC068548191297490027EAC0 /* XCTest.framework */; };
		DC06854A191297490027EAC0 /* Foundation.framework in Frameworks */ = {isa = PBXBuildFile; fileRef = DC068526191297490027EAC0 /* Foundation.framework */; };
		DC06854B191297490027EAC0 /* UIKit.framework in Frameworks */ = {isa = PBXBuildFile; fileRef = DC06852A191297490027EAC0 /* UIKit.framework */; };
		DC068553191297490027EAC0 /* InfoPlist.strings in Resources */ = {isa = PBXBuildFile; fileRef = DC068551191297490027EAC0 /* InfoPlist.strings */; };
		DC068555191297490027EAC0 /* MyLocationsTests.m in Sources */ = {isa = PBXBuildFile; fileRef = DC068554191297490027EAC0 /* MyLocationsTests.m */; };
		DC06855F1912A0E30027EAC0 /* CoreLocation.framework in Frameworks */ = {isa = PBXBuildFile; fileRef = DC06855E1912A0E30027EAC0 /* CoreLocation.framework */; };
		DC068562191903400027EAC0 /* LocationDetailsViewController.m in Sources */ = {isa = PBXBuildFile; fileRef = DC068561191903400027EAC0 /* LocationDetailsViewController.m */; };
/* End PBXBuildFile section */

/* Begin PBXContainerItemProxy section */
		DC06854C191297490027EAC0 /* PBXContainerItemProxy */ = {
			isa = PBXContainerItemProxy;
			containerPortal = DC06851B191297490027EAC0 /* Project object */;
			proxyType = 1;
			remoteGlobalIDString = DC068522191297490027EAC0;
			remoteInfo = MyLocations;
		};
/* End PBXContainerItemProxy section */

/* Begin PBXFileReference section */
		DC068523191297490027EAC0 /* MyLocations.app */ = {isa = PBXFileReference; explicitFileType = wrapper.application; includeInIndex = 0; path = MyLocations.app; sourceTree = BUILT_PRODUCTS_DIR; };
		DC068526191297490027EAC0 /* Foundation.framework */ = {isa = PBXFileReference; lastKnownFileType = wrapper.framework; name = Foundation.framework; path = System/Library/Frameworks/Foundation.framework; sourceTree = SDKROOT; };
		DC068528191297490027EAC0 /* CoreGraphics.framework */ = {isa = PBXFileReference; lastKnownFileType = wrapper.framework; name = CoreGraphics.framework; path = System/Library/Frameworks/CoreGraphics.framework; sourceTree = SDKROOT; };
		DC06852A191297490027EAC0 /* UIKit.framework */ = {isa = PBXFileReference; lastKnownFileType = wrapper.framework; name = UIKit.framework; path = System/Library/Frameworks/UIKit.framework; sourceTree = SDKROOT; };
		DC06852E191297490027EAC0 /* MyLocations-Info.plist */ = {isa = PBXFileReference; lastKnownFileType = text.plist.xml; path = "MyLocations-Info.plist"; sourceTree = "<group>"; };
		DC068530191297490027EAC0 /* en */ = {isa = PBXFileReference; lastKnownFileType = text.plist.strings; name = en; path = en.lproj/InfoPlist.strings; sourceTree = "<group>"; };
		DC068532191297490027EAC0 /* main.m */ = {isa = PBXFileReference; lastKnownFileType = sourcecode.c.objc; path = main.m; sourceTree = "<group>"; };
		DC068534191297490027EAC0 /* MyLocations-Prefix.pch */ = {isa = PBXFileReference; lastKnownFileType = sourcecode.c.h; path = "MyLocations-Prefix.pch"; sourceTree = "<group>"; };
		DC068535191297490027EAC0 /* AppDelegate.h */ = {isa = PBXFileReference; lastKnownFileType = sourcecode.c.h; path = AppDelegate.h; sourceTree = "<group>"; };
		DC068536191297490027EAC0 /* AppDelegate.m */ = {isa = PBXFileReference; lastKnownFileType = sourcecode.c.objc; path = AppDelegate.m; sourceTree = "<group>"; };
		DC068539191297490027EAC0 /* Base */ = {isa = PBXFileReference; lastKnownFileType = file.storyboard; name = Base; path = Base.lproj/Main.storyboard; sourceTree = "<group>"; };
		DC06853B191297490027EAC0 /* CurrentLocationViewController.h */ = {isa = PBXFileReference; lastKnownFileType = sourcecode.c.h; path = CurrentLocationViewController.h; sourceTree = "<group>"; };
		DC06853C191297490027EAC0 /* CurrentLocationViewController.m */ = {isa = PBXFileReference; lastKnownFileType = sourcecode.c.objc; path = CurrentLocationViewController.m; sourceTree = "<group>"; };
		DC06853E191297490027EAC0 /* SecondViewController.h */ = {isa = PBXFileReference; lastKnownFileType = sourcecode.c.h; path = SecondViewController.h; sourceTree = "<group>"; };
		DC06853F191297490027EAC0 /* SecondViewController.m */ = {isa = PBXFileReference; lastKnownFileType = sourcecode.c.objc; path = SecondViewController.m; sourceTree = "<group>"; };
		DC068541191297490027EAC0 /* Images.xcassets */ = {isa = PBXFileReference; lastKnownFileType = folder.assetcatalog; path = Images.xcassets; sourceTree = "<group>"; };
		DC068547191297490027EAC0 /* MyLocationsTests.xctest */ = {isa = PBXFileReference; explicitFileType = wrapper.cfbundle; includeInIndex = 0; path = MyLocationsTests.xctest; sourceTree = BUILT_PRODUCTS_DIR; };
		DC068548191297490027EAC0 /* XCTest.framework */ = {isa = PBXFileReference; lastKnownFileType = wrapper.framework; name = XCTest.framework; path = Library/Frameworks/XCTest.framework; sourceTree = DEVELOPER_DIR; };
		DC068550191297490027EAC0 /* MyLocationsTests-Info.plist */ = {isa = PBXFileReference; lastKnownFileType = text.plist.xml; path = "MyLocationsTests-Info.plist"; sourceTree = "<group>"; };
		DC068552191297490027EAC0 /* en */ = {isa = PBXFileReference; lastKnownFileType = text.plist.strings; name = en; path = en.lproj/InfoPlist.strings; sourceTree = "<group>"; };
		DC068554191297490027EAC0 /* MyLocationsTests.m */ = {isa = PBXFileReference; lastKnownFileType = sourcecode.c.objc; path = MyLocationsTests.m; sourceTree = "<group>"; };
		DC06855E1912A0E30027EAC0 /* CoreLocation.framework */ = {isa = PBXFileReference; lastKnownFileType = wrapper.framework; name = CoreLocation.framework; path = System/Library/Frameworks/CoreLocation.framework; sourceTree = SDKROOT; };
		DC068560191903400027EAC0 /* LocationDetailsViewController.h */ = {isa = PBXFileReference; fileEncoding = 4; lastKnownFileType = sourcecode.c.h; path = LocationDetailsViewController.h; sourceTree = "<group>"; };
		DC068561191903400027EAC0 /* LocationDetailsViewController.m */ = {isa = PBXFileReference; fileEncoding = 4; lastKnownFileType = sourcecode.c.objc; path = LocationDetailsViewController.m; sourceTree = "<group>"; };
/* End PBXFileReference section */

/* Begin PBXFrameworksBuildPhase section */
		DC068520191297490027EAC0 /* Frameworks */ = {
			isa = PBXFrameworksBuildPhase;
			buildActionMask = 2147483647;
			files = (
				DC06855F1912A0E30027EAC0 /* CoreLocation.framework in Frameworks */,
				DC068529191297490027EAC0 /* CoreGraphics.framework in Frameworks */,
				DC06852B191297490027EAC0 /* UIKit.framework in Frameworks */,
				DC068527191297490027EAC0 /* Foundation.framework in Frameworks */,
			);
			runOnlyForDeploymentPostprocessing = 0;
		};
		DC068544191297490027EAC0 /* Frameworks */ = {
			isa = PBXFrameworksBuildPhase;
			buildActionMask = 2147483647;
			files = (
				DC068549191297490027EAC0 /* XCTest.framework in Frameworks */,
				DC06854B191297490027EAC0 /* UIKit.framework in Frameworks */,
				DC06854A191297490027EAC0 /* Foundation.framework in Frameworks */,
			);
			runOnlyForDeploymentPostprocessing = 0;
		};
/* End PBXFrameworksBuildPhase section */

/* Begin PBXGroup section */
		DC06851A191297490027EAC0 = {
			isa = PBXGroup;
			children = (
				DC06852C191297490027EAC0 /* MyLocations */,
				DC06854E191297490027EAC0 /* MyLocationsTests */,
				DC068525191297490027EAC0 /* Frameworks */,
				DC068524191297490027EAC0 /* Products */,
			);
			sourceTree = "<group>";
		};
		DC068524191297490027EAC0 /* Products */ = {
			isa = PBXGroup;
			children = (
				DC068523191297490027EAC0 /* MyLocations.app */,
				DC068547191297490027EAC0 /* MyLocationsTests.xctest */,
			);
			name = Products;
			sourceTree = "<group>";
		};
		DC068525191297490027EAC0 /* Frameworks */ = {
			isa = PBXGroup;
			children = (
				DC06855E1912A0E30027EAC0 /* CoreLocation.framework */,
				DC068526191297490027EAC0 /* Foundation.framework */,
				DC068528191297490027EAC0 /* CoreGraphics.framework */,
				DC06852A191297490027EAC0 /* UIKit.framework */,
				DC068548191297490027EAC0 /* XCTest.framework */,
			);
			name = Frameworks;
			sourceTree = "<group>";
		};
		DC06852C191297490027EAC0 /* MyLocations */ = {
			isa = PBXGroup;
			children = (
				DC068535191297490027EAC0 /* AppDelegate.h */,
				DC068536191297490027EAC0 /* AppDelegate.m */,
				DC068538191297490027EAC0 /* Main.storyboard */,
				DC06853B191297490027EAC0 /* CurrentLocationViewController.h */,
				DC06853C191297490027EAC0 /* CurrentLocationViewController.m */,
				DC06853E191297490027EAC0 /* SecondViewController.h */,
				DC06853F191297490027EAC0 /* SecondViewController.m */,
				DC068541191297490027EAC0 /* Images.xcassets */,
				DC06852D191297490027EAC0 /* Supporting Files */,
				DC068560191903400027EAC0 /* LocationDetailsViewController.h */,
				DC068561191903400027EAC0 /* LocationDetailsViewController.m */,
			);
			path = MyLocations;
			sourceTree = "<group>";
		};
		DC06852D191297490027EAC0 /* Supporting Files */ = {
			isa = PBXGroup;
			children = (
				DC06852E191297490027EAC0 /* MyLocations-Info.plist */,
				DC06852F191297490027EAC0 /* InfoPlist.strings */,
				DC068532191297490027EAC0 /* main.m */,
				DC068534191297490027EAC0 /* MyLocations-Prefix.pch */,
			);
			name = "Supporting Files";
			sourceTree = "<group>";
		};
		DC06854E191297490027EAC0 /* MyLocationsTests */ = {
			isa = PBXGroup;
			children = (
				DC068554191297490027EAC0 /* MyLocationsTests.m */,
				DC06854F191297490027EAC0 /* Supporting Files */,
			);
			path = MyLocationsTests;
			sourceTree = "<group>";
		};
		DC06854F191297490027EAC0 /* Supporting Files */ = {
			isa = PBXGroup;
			children = (
				DC068550191297490027EAC0 /* MyLocationsTests-Info.plist */,
				DC068551191297490027EAC0 /* InfoPlist.strings */,
			);
			name = "Supporting Files";
			sourceTree = "<group>";
		};
/* End PBXGroup section */

/* Begin PBXNativeTarget section */
		DC068522191297490027EAC0 /* MyLocations */ = {
			isa = PBXNativeTarget;
			buildConfigurationList = DC068558191297490027EAC0 /* Build configuration list for PBXNativeTarget "MyLocations" */;
			buildPhases = (
				DC06851F191297490027EAC0 /* Sources */,
				DC068520191297490027EAC0 /* Frameworks */,
				DC068521191297490027EAC0 /* Resources */,
			);
			buildRules = (
			);
			dependencies = (
			);
			name = MyLocations;
			productName = MyLocations;
			productReference = DC068523191297490027EAC0 /* MyLocations.app */;
			productType = "com.apple.product-type.application";
		};
		DC068546191297490027EAC0 /* MyLocationsTests */ = {
			isa = PBXNativeTarget;
			buildConfigurationList = DC06855B191297490027EAC0 /* Build configuration list for PBXNativeTarget "MyLocationsTests" */;
			buildPhases = (
				DC068543191297490027EAC0 /* Sources */,
				DC068544191297490027EAC0 /* Frameworks */,
				DC068545191297490027EAC0 /* Resources */,
			);
			buildRules = (
			);
			dependencies = (
				DC06854D191297490027EAC0 /* PBXTargetDependency */,
			);
			name = MyLocationsTests;
			productName = MyLocationsTests;
			productReference = DC068547191297490027EAC0 /* MyLocationsTests.xctest */;
			productType = "com.apple.product-type.bundle.unit-test";
		};
/* End PBXNativeTarget section */

/* Begin PBXProject section */
		DC06851B191297490027EAC0 /* Project object */ = {
			isa = PBXProject;
			attributes = {
				LastUpgradeCheck = 0510;
				ORGANIZATIONNAME = vantech.com;
				TargetAttributes = {
					DC068546191297490027EAC0 = {
						TestTargetID = DC068522191297490027EAC0;
					};
				};
			};
			buildConfigurationList = DC06851E191297490027EAC0 /* Build configuration list for PBXProject "MyLocations" */;
			compatibilityVersion = "Xcode 3.2";
			developmentRegion = English;
			hasScannedForEncodings = 0;
			knownRegions = (
				en,
				Base,
			);
			mainGroup = DC06851A191297490027EAC0;
			productRefGroup = DC068524191297490027EAC0 /* Products */;
			projectDirPath = "";
			projectRoot = "";
			targets = (
				DC068522191297490027EAC0 /* MyLocations */,
				DC068546191297490027EAC0 /* MyLocationsTests */,
			);
		};
/* End PBXProject section */

/* Begin PBXResourcesBuildPhase section */
		DC068521191297490027EAC0 /* Resources */ = {
			isa = PBXResourcesBuildPhase;
			buildActionMask = 2147483647;
			files = (
				DC068542191297490027EAC0 /* Images.xcassets in Resources */,
				DC068531191297490027EAC0 /* InfoPlist.strings in Resources */,
				DC06853A191297490027EAC0 /* Main.storyboard in Resources */,
			);
			runOnlyForDeploymentPostprocessing = 0;
		};
		DC068545191297490027EAC0 /* Resources */ = {
			isa = PBXResourcesBuildPhase;
			buildActionMask = 2147483647;
			files = (
				DC068553191297490027EAC0 /* InfoPlist.strings in Resources */,
			);
			runOnlyForDeploymentPostprocessing = 0;
		};
/* End PBXResourcesBuildPhase section */

/* Begin PBXSourcesBuildPhase section */
		DC06851F191297490027EAC0 /* Sources */ = {
			isa = PBXSourcesBuildPhase;
			buildActionMask = 2147483647;
			files = (
				DC068540191297490027EAC0 /* SecondViewController.m in Sources */,
				DC068537191297490027EAC0 /* AppDelegate.m in Sources */,
				DC06853D191297490027EAC0 /* CurrentLocationViewController.m in Sources */,
				DC068533191297490027EAC0 /* main.m in Sources */,
				DC068562191903400027EAC0 /* LocationDetailsViewController.m in Sources */,
			);
			runOnlyForDeploymentPostprocessing = 0;
		};
		DC068543191297490027EAC0 /* Sources */ = {
			isa = PBXSourcesBuildPhase;
			buildActionMask = 2147483647;
			files = (
				DC068555191297490027EAC0 /* MyLocationsTests.m in Sources */,
			);
			runOnlyForDeploymentPostprocessing = 0;
		};
/* End PBXSourcesBuildPhase section */

/* Begin PBXTargetDependency section */
		DC06854D191297490027EAC0 /* PBXTargetDependency */ = {
			isa = PBXTargetDependency;
			target = DC068522191297490027EAC0 /* MyLocations */;
			targetProxy = DC06854C191297490027EAC0 /* PBXContainerItemProxy */;
		};
/* End PBXTargetDependency section */

/* Begin PBXVariantGroup section */
		DC06852F191297490027EAC0 /* InfoPlist.strings */ = {
			isa = PBXVariantGroup;
			children = (
				DC068530191297490027EAC0 /* en */,
			);
			name = InfoPlist.strings;
			sourceTree = "<group>";
		};
		DC068538191297490027EAC0 /* Main.storyboard */ = {
			isa = PBXVariantGroup;
			children = (
				DC068539191297490027EAC0 /* Base */,
			);
			name = Main.storyboard;
			sourceTree = "<group>";
		};
		DC068551191297490027EAC0 /* InfoPlist.strings */ = {
			isa = PBXVariantGroup;
			children = (
				DC068552191297490027EAC0 /* en */,
			);
			name = InfoPlist.strings;
			sourceTree = "<group>";
		};
/* End PBXVariantGroup section */

/* Begin XCBuildConfiguration section */
		DC068556191297490027EAC0 /* Debug */ = {
			isa = XCBuildConfiguration;
			buildSettings = {
				ALWAYS_SEARCH_USER_PATHS = NO;
				CLANG_CXX_LANGUAGE_STANDARD = "gnu++0x";
				CLANG_CXX_LIBRARY = "libc++";
				CLANG_ENABLE_MODULES = YES;
				CLANG_ENABLE_OBJC_ARC = YES;
				CLANG_WARN_BOOL_CONVERSION = YES;
				CLANG_WARN_CONSTANT_CONVERSION = YES;
				CLANG_WARN_DIRECT_OBJC_ISA_USAGE = YES_ERROR;
				CLANG_WARN_EMPTY_BODY = YES;
				CLANG_WARN_ENUM_CONVERSION = YES;
				CLANG_WARN_INT_CONVERSION = YES;
				CLANG_WARN_OBJC_ROOT_CLASS = YES_ERROR;
				CLANG_WARN__DUPLICATE_METHOD_MATCH = YES;
				"CODE_SIGN_IDENTITY[sdk=iphoneos*]" = "iPhone Developer";
				COPY_PHASE_STRIP = NO;
				GCC_C_LANGUAGE_STANDARD = gnu99;
				GCC_DYNAMIC_NO_PIC = NO;
				GCC_OPTIMIZATION_LEVEL = 0;
				GCC_PREPROCESSOR_DEFINITIONS = (
					"DEBUG=1",
					"$(inherited)",
				);
				GCC_SYMBOLS_PRIVATE_EXTERN = NO;
				GCC_WARN_64_TO_32_BIT_CONVERSION = YES;
				GCC_WARN_ABOUT_RETURN_TYPE = YES_ERROR;
				GCC_WARN_UNDECLARED_SELECTOR = YES;
				GCC_WARN_UNINITIALIZED_AUTOS = YES_AGGRESSIVE;
				GCC_WARN_UNUSED_FUNCTION = YES;
				GCC_WARN_UNUSED_VARIABLE = YES;
				IPHONEOS_DEPLOYMENT_TARGET = 7.1;
				ONLY_ACTIVE_ARCH = YES;
				SDKROOT = iphoneos;
			};
			name = Debug;
		};
		DC068557191297490027EAC0 /* Release */ = {
			isa = XCBuildConfiguration;
			buildSettings = {
				ALWAYS_SEARCH_USER_PATHS = NO;
				CLANG_CXX_LANGUAGE_STANDARD = "gnu++0x";
				CLANG_CXX_LIBRARY = "libc++";
				CLANG_ENABLE_MODULES = YES;
				CLANG_ENABLE_OBJC_ARC = YES;
				CLANG_WARN_BOOL_CONVERSION = YES;
				CLANG_WARN_CONSTANT_CONVERSION = YES;
				CLANG_WARN_DIRECT_OBJC_ISA_USAGE = YES_ERROR;
				CLANG_WARN_EMPTY_BODY = YES;
				CLANG_WARN_ENUM_CONVERSION = YES;
				CLANG_WARN_INT_CONVERSION = YES;
				CLANG_WARN_OBJC_ROOT_CLASS = YES_ERROR;
				CLANG_WARN__DUPLICATE_METHOD_MATCH = YES;
				"CODE_SIGN_IDENTITY[sdk=iphoneos*]" = "iPhone Developer";
				COPY_PHASE_STRIP = YES;
				ENABLE_NS_ASSERTIONS = NO;
				GCC_C_LANGUAGE_STANDARD = gnu99;
				GCC_WARN_64_TO_32_BIT_CONVERSION = YES;
				GCC_WARN_ABOUT_RETURN_TYPE = YES_ERROR;
				GCC_WARN_UNDECLARED_SELECTOR = YES;
				GCC_WARN_UNINITIALIZED_AUTOS = YES_AGGRESSIVE;
				GCC_WARN_UNUSED_FUNCTION = YES;
				GCC_WARN_UNUSED_VARIABLE = YES;
				IPHONEOS_DEPLOYMENT_TARGET = 7.1;
				SDKROOT = iphoneos;
				VALIDATE_PRODUCT = YES;
			};
			name = Release;
		};
		DC068559191297490027EAC0 /* Debug */ = {
			isa = XCBuildConfiguration;
			buildSettings = {
				ASSETCATALOG_COMPILER_APPICON_NAME = AppIcon;
				ASSETCATALOG_COMPILER_LAUNCHIMAGE_NAME = LaunchImage;
				GCC_PRECOMPILE_PREFIX_HEADER = YES;
				GCC_PREFIX_HEADER = "MyLocations/MyLocations-Prefix.pch";
				INFOPLIST_FILE = "MyLocations/MyLocations-Info.plist";
				PRODUCT_NAME = "$(TARGET_NAME)";
				WRAPPER_EXTENSION = app;
			};
			name = Debug;
		};
		DC06855A191297490027EAC0 /* Release */ = {
			isa = XCBuildConfiguration;
			buildSettings = {
				ASSETCATALOG_COMPILER_APPICON_NAME = AppIcon;
				ASSETCATALOG_COMPILER_LAUNCHIMAGE_NAME = LaunchImage;
				GCC_PRECOMPILE_PREFIX_HEADER = YES;
				GCC_PREFIX_HEADER = "MyLocations/MyLocations-Prefix.pch";
				INFOPLIST_FILE = "MyLocations/MyLocations-Info.plist";
				PRODUCT_NAME = "$(TARGET_NAME)";
				WRAPPER_EXTENSION = app;
			};
			name = Release;
		};
		DC06855C191297490027EAC0 /* Debug */ = {
			isa = XCBuildConfiguration;
			buildSettings = {
				BUNDLE_LOADER = "$(BUILT_PRODUCTS_DIR)/MyLocations.app/MyLocations";
				FRAMEWORK_SEARCH_PATHS = (
					"$(SDKROOT)/Developer/Library/Frameworks",
					"$(inherited)",
					"$(DEVELOPER_FRAMEWORKS_DIR)",
				);
				GCC_PRECOMPILE_PREFIX_HEADER = YES;
				GCC_PREFIX_HEADER = "MyLocations/MyLocations-Prefix.pch";
				GCC_PREPROCESSOR_DEFINITIONS = (
					"DEBUG=1",
					"$(inherited)",
				);
				INFOPLIST_FILE = "MyLocationsTests/MyLocationsTests-Info.plist";
				PRODUCT_NAME = "$(TARGET_NAME)";
				TEST_HOST = "$(BUNDLE_LOADER)";
				WRAPPER_EXTENSION = xctest;
			};
			name = Debug;
		};
		DC06855D191297490027EAC0 /* Release */ = {
			isa = XCBuildConfiguration;
			buildSettings = {
				BUNDLE_LOADER = "$(BUILT_PRODUCTS_DIR)/MyLocations.app/MyLocations";
				FRAMEWORK_SEARCH_PATHS = (
					"$(SDKROOT)/Developer/Library/Frameworks",
					"$(inherited)",
					"$(DEVELOPER_FRAMEWORKS_DIR)",
				);
				GCC_PRECOMPILE_PREFIX_HEADER = YES;
				GCC_PREFIX_HEADER = "MyLocations/MyLocations-Prefix.pch";
				INFOPLIST_FILE = "MyLocationsTests/MyLocationsTests-Info.plist";
				PRODUCT_NAME = "$(TARGET_NAME)";
				TEST_HOST = "$(BUNDLE_LOADER)";
				WRAPPER_EXTENSION = xctest;
			};
			name = Release;
		};
/* End XCBuildConfiguration section */

/* Begin XCConfigurationList section */
		DC06851E191297490027EAC0 /* Build configuration list for PBXProject "MyLocations" */ = {
			isa = XCConfigurationList;
			buildConfigurations = (
				DC068556191297490027EAC0 /* Debug */,
				DC068557191297490027EAC0 /* Release */,
			);
			defaultConfigurationIsVisible = 0;
			defaultConfigurationName = Release;
		};
		DC068558191297490027EAC0 /* Build configuration list for PBXNativeTarget "MyLocations" */ = {
			isa = XCConfigurationList;
			buildConfigurations = (
				DC068559191297490027EAC0 /* Debug */,
				DC06855A191297490027EAC0 /* Release */,
			);
			defaultConfigurationIsVisible = 0;
		};
		DC06855B191297490027EAC0 /* Build configuration list for PBXNativeTarget "MyLocationsTests" */ = {
			isa = XCConfigurationList;
			buildConfigurations = (
				DC06855C191297490027EAC0 /* Debug */,
				DC06855D191297490027EAC0 /* Release */,
			);
			defaultConfigurationIsVisible = 0;
		};
/* End XCConfigurationList section */
	};
	rootObject = DC06851B191297490027EAC0 /* Project object */;
}
